
Microsoft Visual Studio Solution File, Format Version 12.00
# Visual Studio 15
VisualStudioVersion = 15.0.28307.572
MinimumVisualStudioVersion = 10.0.40219.1
Project("{9A19103F-16F7-4668-BE54-9A1E7A4F7556}") = "WebMvc", "WebMvc\WebMvc.csproj", "{4BBDB1BB-9009-4297-8DBE-E00B95CD5C9A}"
EndProject
Project("{9A19103F-16F7-4668-BE54-9A1E7A4F7556}") = "WebApi", "WebApi\WebApi.csproj", "{DDFC57C7-E13E-4507-B535-5C177DEBB4DC}"
EndProject
Project("{9A19103F-16F7-4668-BE54-9A1E7A4F7556}") = "WebAuthent", "WebAuthent\WebAuthent.csproj", "{2B23212D-04B4-4CDA-B8D1-FCE22400D276}"
EndProject
Project("{FAE04EC0-301F-11D3-BF4B-00C04F79EFBC}") = "TestProj", "TestProj\TestProj.csproj", "{D164F6F8-57AE-494C-B954-BC2A7A828484}"
EndProject
Project("{E53339B2-1760-4266-BCC7-CA923CBCF16C}") = "docker-compose", "docker-compose.dcproj", "{AF7B9D0E-A186-4AF2-823B-F9FC0D0C8333}"
EndProject
Global
	GlobalSection(SolutionConfigurationPlatforms) = preSolution
		Debug|Any CPU = Debug|Any CPU
		Release|Any CPU = Release|Any CPU
	EndGlobalSection
	GlobalSection(ProjectConfigurationPlatforms) = postSolution
		{4BBDB1BB-9009-4297-8DBE-E00B95CD5C9A}.Debug|Any CPU.ActiveCfg = Debug|Any CPU
		{4BBDB1BB-9009-4297-8DBE-E00B95CD5C9A}.Debug|Any CPU.Build.0 = Debug|Any CPU
		{4BBDB1BB-9009-4297-8DBE-E00B95CD5C9A}.Release|Any CPU.ActiveCfg = Release|Any CPU
		{4BBDB1BB-9009-4297-8DBE-E00B95CD5C9A}.Release|Any CPU.Build.0 = Release|Any CPU
		{DDFC57C7-E13E-4507-B535-5C177DEBB4DC}.Debug|Any CPU.ActiveCfg = Debug|Any CPU
		{DDFC57C7-E13E-4507-B535-5C177DEBB4DC}.Debug|Any CPU.Build.0 = Debug|Any CPU
		{DDFC57C7-E13E-4507-B535-5C177DEBB4DC}.Release|Any CPU.ActiveCfg = Release|Any CPU
		{DDFC57C7-E13E-4507-B535-5C177DEBB4DC}.Release|Any CPU.Build.0 = Release|Any CPU
		{2B23212D-04B4-4CDA-B8D1-FCE22400D276}.Debug|Any CPU.ActiveCfg = Debug|Any CPU
		{2B23212D-04B4-4CDA-B8D1-FCE22400D276}.Debug|Any CPU.Build.0 = Debug|Any CPU
		{2B23212D-04B4-4CDA-B8D1-FCE22400D276}.Release|Any CPU.ActiveCfg = Release|Any CPU
		{2B23212D-04B4-4CDA-B8D1-FCE22400D276}.Release|Any CPU.Build.0 = Release|Any CPU
		{D164F6F8-57AE-494C-B954-BC2A7A828484}.Debug|Any CPU.ActiveCfg = Debug|Any CPU
		{D164F6F8-57AE-494C-B954-BC2A7A828484}.Debug|Any CPU.Build.0 = Debug|Any CPU
		{D164F6F8-57AE-494C-B954-BC2A7A828484}.Release|Any CPU.ActiveCfg = Release|Any CPU
		{D164F6F8-57AE-494C-B954-BC2A7A828484}.Release|Any CPU.Build.0 = Release|Any CPU
		{AF7B9D0E-A186-4AF2-823B-F9FC0D0C8333}.Debug|Any CPU.ActiveCfg = Debug|Any CPU
		{AF7B9D0E-A186-4AF2-823B-F9FC0D0C8333}.Debug|Any CPU.Build.0 = Debug|Any CPU
		{AF7B9D0E-A186-4AF2-823B-F9FC0D0C8333}.Release|Any CPU.ActiveCfg = Release|Any CPU
		{AF7B9D0E-A186-4AF2-823B-F9FC0D0C8333}.Release|Any CPU.Build.0 = Release|Any CPU
	EndGlobalSection
	GlobalSection(SolutionProperties) = preSolution
		HideSolutionNode = FALSE
	EndGlobalSection
	GlobalSection(ExtensibilityGlobals) = postSolution
		SolutionGuid = {87F7EAA1-FDE3-4B7B-BF26-C0335E825823}
	EndGlobalSection
EndGlobal
